
Microsoft Visual Studio Solution File, Format Version 12.00
# Visual Studio 15
VisualStudioVersion = 15.0.27130.2036
MinimumVisualStudioVersion = 10.0.40219.1
Project("{9A19103F-16F7-4668-BE54-9A1E7A4F7556}") = "Vivelin.Luck", "Vivelin.Luck\Vivelin.Luck.csproj", "{E810C215-8E35-49B3-BE1B-177B72D037C5}"
EndProject
Project("{FAE04EC0-301F-11D3-BF4B-00C04F79EFBC}") = "Vivelin.Luck.Tests", "Vivelin.Luck.Tests\Vivelin.Luck.Tests.csproj", "{9CFA3594-D325-4E58-8C1E-1496DA45418D}"
EndProject
Global
	GlobalSection(SolutionConfigurationPlatforms) = preSolution
		Debug|Any CPU = Debug|Any CPU
		Release|Any CPU = Release|Any CPU
	EndGlobalSection
	GlobalSection(ProjectConfigurationPlatforms) = postSolution
		{E810C215-8E35-49B3-BE1B-177B72D037C5}.Debug|Any CPU.ActiveCfg = Debug|Any CPU
		{E810C215-8E35-49B3-BE1B-177B72D037C5}.Debug|Any CPU.Build.0 = Debug|Any CPU
		{E810C215-8E35-49B3-BE1B-177B72D037C5}.Release|Any CPU.ActiveCfg = Release|Any CPU
		{E810C215-8E35-49B3-BE1B-177B72D037C5}.Release|Any CPU.Build.0 = Release|Any CPU
		{9CFA3594-D325-4E58-8C1E-1496DA45418D}.Debug|Any CPU.ActiveCfg = Debug|Any CPU
		{9CFA3594-D325-4E58-8C1E-1496DA45418D}.Debug|Any CPU.Build.0 = Debug|Any CPU
		{9CFA3594-D325-4E58-8C1E-1496DA45418D}.Release|Any CPU.ActiveCfg = Release|Any CPU
		{9CFA3594-D325-4E58-8C1E-1496DA45418D}.Release|Any CPU.Build.0 = Release|Any CPU
	EndGlobalSection
	GlobalSection(SolutionProperties) = preSolution
		HideSolutionNode = FALSE
	EndGlobalSection
	GlobalSection(ExtensibilityGlobals) = postSolution
		RESX_ConfirmAddLanguageFile = False
		RESX_SortFileContentOnSave = True
		SolutionGuid = {53543420-C28B-4074-80F0-E078FE51C8E8}
	EndGlobalSection
EndGlobal
